
Microsoft Visual Studio Solution File, Format Version 12.00
# Visual Studio Version 16
VisualStudioVersion = 16.0.28803.156
MinimumVisualStudioVersion = 10.0.40219.1
Project("{FAE04EC0-301F-11D3-BF4B-00C04F79EFBC}") = "DistDuties", "DistDuties\DistDuties.csproj", "{284C2D2E-8500-4A07-8E87-11E39130F453}"
EndProject
Project("{FAE04EC0-301F-11D3-BF4B-00C04F79EFBC}") = "DataAccess", "DataAccess\DataAccess.csproj", "{D51F2F6E-5635-448F-AB28-19089972076E}"
EndProject
Global
	GlobalSection(SolutionConfigurationPlatforms) = preSolution
		Debug|Any CPU = Debug|Any CPU
		Release|Any CPU = Release|Any CPU
	EndGlobalSection
	GlobalSection(ProjectConfigurationPlatforms) = postSolution
		{284C2D2E-8500-4A07-8E87-11E39130F453}.Debug|Any CPU.ActiveCfg = Debug|Any CPU
		{284C2D2E-8500-4A07-8E87-11E39130F453}.Debug|Any CPU.Build.0 = Debug|Any CPU
		{284C2D2E-8500-4A07-8E87-11E39130F453}.Release|Any CPU.ActiveCfg = Release|Any CPU
		{284C2D2E-8500-4A07-8E87-11E39130F453}.Release|Any CPU.Build.0 = Release|Any CPU
		{D51F2F6E-5635-448F-AB28-19089972076E}.Debug|Any CPU.ActiveCfg = Debug|Any CPU
		{D51F2F6E-5635-448F-AB28-19089972076E}.Debug|Any CPU.Build.0 = Debug|Any CPU
		{D51F2F6E-5635-448F-AB28-19089972076E}.Release|Any CPU.ActiveCfg = Release|Any CPU
		{D51F2F6E-5635-448F-AB28-19089972076E}.Release|Any CPU.Build.0 = Release|Any CPU
	EndGlobalSection
	GlobalSection(SolutionProperties) = preSolution
		HideSolutionNode = FALSE
	EndGlobalSection
	GlobalSection(ExtensibilityGlobals) = postSolution
		SolutionGuid = {9543F309-DD2F-4C9C-8E6D-ED515255E4ED}
	EndGlobalSection
EndGlobal
